
Microsoft Visual Studio Solution File, Format Version 12.00
# Visual Studio Version 17
VisualStudioVersion = 17.4.33403.182
MinimumVisualStudioVersion = 10.0.40219.1
Project("{FAE04EC0-301F-11D3-BF4B-00C04F79EFBC}") = "BattleLog", "BattleLog.csproj", "{F2BB2C53-8901-46BF-8139-755DD8826C5A}"
EndProject
Global
	GlobalSection(SolutionConfigurationPlatforms) = preSolution
		Debug|Any CPU = Debug|Any CPU
		Release|Any CPU = Release|Any CPU
	EndGlobalSection
	GlobalSection(ProjectConfigurationPlatforms) = postSolution
		{F2BB2C53-8901-46BF-8139-755DD8826C5A}.Debug|Any CPU.ActiveCfg = Debug|Any CPU
		{F2BB2C53-8901-46BF-8139-755DD8826C5A}.Debug|Any CPU.Build.0 = Debug|Any CPU
		{F2BB2C53-8901-46BF-8139-755DD8826C5A}.Release|Any CPU.ActiveCfg = Release|Any CPU
		{F2BB2C53-8901-46BF-8139-755DD8826C5A}.Release|Any CPU.Build.0 = Release|Any CPU
	EndGlobalSection
	GlobalSection(SolutionProperties) = preSolution
		HideSolutionNode = FALSE
	EndGlobalSection
	GlobalSection(ExtensibilityGlobals) = postSolution
		SolutionGuid = {A0D841FD-652C-4346-801E-52DDF08F6C9F}
	EndGlobalSection
EndGlobal
